
Microsoft Visual Studio Solution File, Format Version 11.00
# Visual Studio 2010
Project("{FAE04EC0-301F-11D3-BF4B-00C04F79EFBC}") = "Flee", "Flee\Flee\Flee.csproj", "{2DF0779F-80DA-48B5-961B-DC36C523DB4A}"
EndProject
Project("{FAE04EC0-301F-11D3-BF4B-00C04F79EFBC}") = "FleeContent", "Flee\FleeContent\FleeContent.contentproj", "{4221954D-DECD-4C83-8FB3-0763644A9AC7}"
EndProject
Project("{FAE04EC0-301F-11D3-BF4B-00C04F79EFBC}") = "AutoLaserCannon", "AutoLaserCannon\AutoLaserCannon\AutoLaserCannon.csproj", "{804ECE83-0E75-4E9A-99D1-2A914BF0D677}"
EndProject
Project("{FAE04EC0-301F-11D3-BF4B-00C04F79EFBC}") = "AutoLaserCannonContent", "AutoLaserCannon\AutoLaserCannonContent\AutoLaserCannonContent.contentproj", "{D313887A-DC60-45DC-80E9-9D085E19963C}"
EndProject
Project("{FAE04EC0-301F-11D3-BF4B-00C04F79EFBC}") = "Frend", "Frend\Frend\Frend.csproj", "{4920B05D-5E7C-4B4A-AFAB-C0800AEAF718}"
EndProject
Project("{FAE04EC0-301F-11D3-BF4B-00C04F79EFBC}") = "FrendContent", "Frend\FrendContent\FrendContent.contentproj", "{F9672DCE-A417-4B6B-AB15-35F5E64810ED}"
EndProject
Project("{FAE04EC0-301F-11D3-BF4B-00C04F79EFBC}") = "Goap.Library", "FrendLibrary\Goap.Library.csproj", "{D70B7E4D-9BF6-48B6-A7C2-8D2E3342885E}"
EndProject
Project("{FAE04EC0-301F-11D3-BF4B-00C04F79EFBC}") = "Goap.Test", "Goap.Test\Goap.Test\Goap.Test.csproj", "{54653508-7537-487F-97B2-CC23F1B15FD9}"
EndProject
Project("{FAE04EC0-301F-11D3-BF4B-00C04F79EFBC}") = "Goap.TestContent", "Goap.Test\Goap.TestContent\Goap.TestContent.contentproj", "{96A34EA8-EBC6-4ECA-8094-9B0A8AFAB0D3}"
EndProject
Project("{FAE04EC0-301F-11D3-BF4B-00C04F79EFBC}") = "BouncingBall", "BouncingBall\BouncingBall\BouncingBall.csproj", "{BA5A0121-BE24-43CB-B039-5286DD769457}"
EndProject
Project("{96E2B04D-8817-42C6-938A-82C39BA4D311}") = "BouncingBallContent", "BouncingBall\BouncingBallContent\BouncingBallContent.contentproj", "{148EB316-7DBB-43C4-ACCE-949D5C8E78A7}"
EndProject
Project("{FAE04EC0-301F-11D3-BF4B-00C04F79EFBC}") = "Frend.V2", "Frend.V2\Frend.V2\Frend.V2.csproj", "{69EDA559-C2EC-4A2B-8345-22E46E2317F8}"
EndProject
Project("{96E2B04D-8817-42C6-938A-82C39BA4D311}") = "Frend.V2Content", "Frend.V2\Frend.V2Content\Frend.V2Content.contentproj", "{16A0A5D7-E394-4E41-BD09-E7E26325DEF5}"
EndProject
Project("{FAE04EC0-301F-11D3-BF4B-00C04F79EFBC}") = "Humanity", "Humanity\Humanity\Humanity.csproj", "{BE316DF2-6EAE-4DD0-8A65-F65190FC25E5}"
EndProject
Project("{FAE04EC0-301F-11D3-BF4B-00C04F79EFBC}") = "HumanityContent", "Humanity\HumanityContent\HumanityContent.contentproj", "{5711B6D7-B349-49B1-87A3-18C83297DDB3}"
EndProject
Project("{2150E333-8FDC-42A3-9474-1A3956D46DE8}") = "OLD", "OLD", "{6064AFC7-9929-413A-879E-1EF4C1B7CA24}"
EndProject
Global
	GlobalSection(SolutionConfigurationPlatforms) = preSolution
		Debug|x86 = Debug|x86
		Release|x86 = Release|x86
	EndGlobalSection
	GlobalSection(ProjectConfigurationPlatforms) = postSolution
		{2DF0779F-80DA-48B5-961B-DC36C523DB4A}.Debug|x86.ActiveCfg = Debug|x86
		{2DF0779F-80DA-48B5-961B-DC36C523DB4A}.Debug|x86.Build.0 = Debug|x86
		{2DF0779F-80DA-48B5-961B-DC36C523DB4A}.Release|x86.ActiveCfg = Release|x86
		{2DF0779F-80DA-48B5-961B-DC36C523DB4A}.Release|x86.Build.0 = Release|x86
		{4221954D-DECD-4C83-8FB3-0763644A9AC7}.Debug|x86.ActiveCfg = Debug|x86
		{4221954D-DECD-4C83-8FB3-0763644A9AC7}.Release|x86.ActiveCfg = Release|x86
		{804ECE83-0E75-4E9A-99D1-2A914BF0D677}.Debug|x86.ActiveCfg = Debug|x86
		{804ECE83-0E75-4E9A-99D1-2A914BF0D677}.Debug|x86.Build.0 = Debug|x86
		{804ECE83-0E75-4E9A-99D1-2A914BF0D677}.Release|x86.ActiveCfg = Release|x86
		{804ECE83-0E75-4E9A-99D1-2A914BF0D677}.Release|x86.Build.0 = Release|x86
		{D313887A-DC60-45DC-80E9-9D085E19963C}.Debug|x86.ActiveCfg = Debug|x86
		{D313887A-DC60-45DC-80E9-9D085E19963C}.Release|x86.ActiveCfg = Release|x86
		{4920B05D-5E7C-4B4A-AFAB-C0800AEAF718}.Debug|x86.ActiveCfg = Debug|x86
		{4920B05D-5E7C-4B4A-AFAB-C0800AEAF718}.Debug|x86.Build.0 = Debug|x86
		{4920B05D-5E7C-4B4A-AFAB-C0800AEAF718}.Release|x86.ActiveCfg = Release|x86
		{4920B05D-5E7C-4B4A-AFAB-C0800AEAF718}.Release|x86.Build.0 = Release|x86
		{F9672DCE-A417-4B6B-AB15-35F5E64810ED}.Debug|x86.ActiveCfg = Debug|x86
		{F9672DCE-A417-4B6B-AB15-35F5E64810ED}.Release|x86.ActiveCfg = Release|x86
		{D70B7E4D-9BF6-48B6-A7C2-8D2E3342885E}.Debug|x86.ActiveCfg = Debug|x86
		{D70B7E4D-9BF6-48B6-A7C2-8D2E3342885E}.Debug|x86.Build.0 = Debug|x86
		{D70B7E4D-9BF6-48B6-A7C2-8D2E3342885E}.Release|x86.ActiveCfg = Release|x86
		{D70B7E4D-9BF6-48B6-A7C2-8D2E3342885E}.Release|x86.Build.0 = Release|x86
		{54653508-7537-487F-97B2-CC23F1B15FD9}.Debug|x86.ActiveCfg = Debug|x86
		{54653508-7537-487F-97B2-CC23F1B15FD9}.Debug|x86.Build.0 = Debug|x86
		{54653508-7537-487F-97B2-CC23F1B15FD9}.Release|x86.ActiveCfg = Release|x86
		{54653508-7537-487F-97B2-CC23F1B15FD9}.Release|x86.Build.0 = Release|x86
		{96A34EA8-EBC6-4ECA-8094-9B0A8AFAB0D3}.Debug|x86.ActiveCfg = Debug|x86
		{96A34EA8-EBC6-4ECA-8094-9B0A8AFAB0D3}.Release|x86.ActiveCfg = Release|x86
		{BA5A0121-BE24-43CB-B039-5286DD769457}.Debug|x86.ActiveCfg = Debug|x86
		{BA5A0121-BE24-43CB-B039-5286DD769457}.Debug|x86.Build.0 = Debug|x86
		{BA5A0121-BE24-43CB-B039-5286DD769457}.Release|x86.ActiveCfg = Release|x86
		{BA5A0121-BE24-43CB-B039-5286DD769457}.Release|x86.Build.0 = Release|x86
		{148EB316-7DBB-43C4-ACCE-949D5C8E78A7}.Debug|x86.ActiveCfg = Debug|x86
		{148EB316-7DBB-43C4-ACCE-949D5C8E78A7}.Release|x86.ActiveCfg = Release|x86
		{69EDA559-C2EC-4A2B-8345-22E46E2317F8}.Debug|x86.ActiveCfg = Debug|x86
		{69EDA559-C2EC-4A2B-8345-22E46E2317F8}.Debug|x86.Build.0 = Debug|x86
		{69EDA559-C2EC-4A2B-8345-22E46E2317F8}.Release|x86.ActiveCfg = Release|x86
		{69EDA559-C2EC-4A2B-8345-22E46E2317F8}.Release|x86.Build.0 = Release|x86
		{16A0A5D7-E394-4E41-BD09-E7E26325DEF5}.Debug|x86.ActiveCfg = Debug|x86
		{16A0A5D7-E394-4E41-BD09-E7E26325DEF5}.Release|x86.ActiveCfg = Release|x86
		{BE316DF2-6EAE-4DD0-8A65-F65190FC25E5}.Debug|x86.ActiveCfg = Debug|x86
		{BE316DF2-6EAE-4DD0-8A65-F65190FC25E5}.Debug|x86.Build.0 = Debug|x86
		{BE316DF2-6EAE-4DD0-8A65-F65190FC25E5}.Release|x86.ActiveCfg = Release|x86
		{BE316DF2-6EAE-4DD0-8A65-F65190FC25E5}.Release|x86.Build.0 = Release|x86
		{5711B6D7-B349-49B1-87A3-18C83297DDB3}.Debug|x86.ActiveCfg = Debug|x86
		{5711B6D7-B349-49B1-87A3-18C83297DDB3}.Release|x86.ActiveCfg = Release|x86
	EndGlobalSection
	GlobalSection(SolutionProperties) = preSolution
		HideSolutionNode = FALSE
	EndGlobalSection
	GlobalSection(NestedProjects) = preSolution
		{804ECE83-0E75-4E9A-99D1-2A914BF0D677} = {6064AFC7-9929-413A-879E-1EF4C1B7CA24}
		{96A34EA8-EBC6-4ECA-8094-9B0A8AFAB0D3} = {6064AFC7-9929-413A-879E-1EF4C1B7CA24}
		{D313887A-DC60-45DC-80E9-9D085E19963C} = {6064AFC7-9929-413A-879E-1EF4C1B7CA24}
		{BA5A0121-BE24-43CB-B039-5286DD769457} = {6064AFC7-9929-413A-879E-1EF4C1B7CA24}
		{148EB316-7DBB-43C4-ACCE-949D5C8E78A7} = {6064AFC7-9929-413A-879E-1EF4C1B7CA24}
		{2DF0779F-80DA-48B5-961B-DC36C523DB4A} = {6064AFC7-9929-413A-879E-1EF4C1B7CA24}
		{4221954D-DECD-4C83-8FB3-0763644A9AC7} = {6064AFC7-9929-413A-879E-1EF4C1B7CA24}
		{4920B05D-5E7C-4B4A-AFAB-C0800AEAF718} = {6064AFC7-9929-413A-879E-1EF4C1B7CA24}
		{69EDA559-C2EC-4A2B-8345-22E46E2317F8} = {6064AFC7-9929-413A-879E-1EF4C1B7CA24}
		{16A0A5D7-E394-4E41-BD09-E7E26325DEF5} = {6064AFC7-9929-413A-879E-1EF4C1B7CA24}
		{F9672DCE-A417-4B6B-AB15-35F5E64810ED} = {6064AFC7-9929-413A-879E-1EF4C1B7CA24}
		{D70B7E4D-9BF6-48B6-A7C2-8D2E3342885E} = {6064AFC7-9929-413A-879E-1EF4C1B7CA24}
		{54653508-7537-487F-97B2-CC23F1B15FD9} = {6064AFC7-9929-413A-879E-1EF4C1B7CA24}
	EndGlobalSection
EndGlobal
